
Microsoft Visual Studio Solution File, Format Version 12.00
# Visual Studio Version 16
VisualStudioVersion = 16.0.32428.217
MinimumVisualStudioVersion = 10.0.40219.1
Project("{FAE04EC0-301F-11D3-BF4B-00C04F79EFBC}") = "lista allt", "lista allt\lista allt.csproj", "{490B614B-2D52-46ED-8514-FCAF720E57F4}"
EndProject
Global
	GlobalSection(SolutionConfigurationPlatforms) = preSolution
		Debug|Any CPU = Debug|Any CPU
		Release|Any CPU = Release|Any CPU
	EndGlobalSection
	GlobalSection(ProjectConfigurationPlatforms) = postSolution
		{490B614B-2D52-46ED-8514-FCAF720E57F4}.Debug|Any CPU.ActiveCfg = Debug|Any CPU
		{490B614B-2D52-46ED-8514-FCAF720E57F4}.Debug|Any CPU.Build.0 = Debug|Any CPU
		{490B614B-2D52-46ED-8514-FCAF720E57F4}.Release|Any CPU.ActiveCfg = Release|Any CPU
		{490B614B-2D52-46ED-8514-FCAF720E57F4}.Release|Any CPU.Build.0 = Release|Any CPU
	EndGlobalSection
	GlobalSection(SolutionProperties) = preSolution
		HideSolutionNode = FALSE
	EndGlobalSection
	GlobalSection(ExtensibilityGlobals) = postSolution
		SolutionGuid = {81224BE9-4F59-435C-899F-05CE9B3BDDA2}
	EndGlobalSection
EndGlobal
